
Microsoft Visual Studio Solution File, Format Version 12.00
# Visual Studio Version 17
VisualStudioVersion = 17.1.32210.238
MinimumVisualStudioVersion = 10.0.40219.1
Project("{FAE04EC0-301F-11D3-BF4B-00C04F79EFBC}") = "DataWarehouse", "DataWarehouse.csproj", "{9F1909F5-2556-4A69-B9DC-29B921284641}"
EndProject
Global
	GlobalSection(SolutionConfigurationPlatforms) = preSolution
		Debug|Any CPU = Debug|Any CPU
		Release|Any CPU = Release|Any CPU
	EndGlobalSection
	GlobalSection(ProjectConfigurationPlatforms) = postSolution
		{9F1909F5-2556-4A69-B9DC-29B921284641}.Debug|Any CPU.ActiveCfg = Debug|Any CPU
		{9F1909F5-2556-4A69-B9DC-29B921284641}.Debug|Any CPU.Build.0 = Debug|Any CPU
		{9F1909F5-2556-4A69-B9DC-29B921284641}.Release|Any CPU.ActiveCfg = Release|Any CPU
		{9F1909F5-2556-4A69-B9DC-29B921284641}.Release|Any CPU.Build.0 = Release|Any CPU
	EndGlobalSection
	GlobalSection(SolutionProperties) = preSolution
		HideSolutionNode = FALSE
	EndGlobalSection
	GlobalSection(ExtensibilityGlobals) = postSolution
		SolutionGuid = {7471B057-4360-408A-A5D6-955A2DCDC9ED}
	EndGlobalSection
EndGlobal
